// !$*UTF8*$!
{
	archiveVersion = 1;
	classes = {
	};
	objectVersion = 56;
	objects = {

/* Begin PBXBuildFile section */
		E402F3A32BDBF96E0078759E /* RMEndpoint.swift in Sources */ = {isa = PBXBuildFile; fileRef = E402F3A22BDBF96E0078759E /* RMEndpoint.swift */; };
		E4043EE32BE4097E00A4EE3D /* RMCharacterListView.swift in Sources */ = {isa = PBXBuildFile; fileRef = E4043EE22BE4097E00A4EE3D /* RMCharacterListView.swift */; };
		E4043EE52BE414B800A4EE3D /* Extensions.swift in Sources */ = {isa = PBXBuildFile; fileRef = E4043EE42BE414B800A4EE3D /* Extensions.swift */; };
		E414B77F2BD9BF0B0067498F /* AppDelegate.swift in Sources */ = {isa = PBXBuildFile; fileRef = E414B77E2BD9BF0B0067498F /* AppDelegate.swift */; };
		E414B7812BD9BF0B0067498F /* SceneDelegate.swift in Sources */ = {isa = PBXBuildFile; fileRef = E414B7802BD9BF0B0067498F /* SceneDelegate.swift */; };
		E414B7832BD9BF0B0067498F /* RMTabBarController.swift in Sources */ = {isa = PBXBuildFile; fileRef = E414B7822BD9BF0B0067498F /* RMTabBarController.swift */; };
		E414B7882BD9BF0C0067498F /* Assets.xcassets in Resources */ = {isa = PBXBuildFile; fileRef = E414B7872BD9BF0C0067498F /* Assets.xcassets */; };
		E414B78B2BD9BF0C0067498F /* Base in Resources */ = {isa = PBXBuildFile; fileRef = E414B78A2BD9BF0C0067498F /* Base */; };
		E423A8FF2BDD4DE300599F28 /* RMOrigin.swift in Sources */ = {isa = PBXBuildFile; fileRef = E423A8FE2BDD4DE300599F28 /* RMOrigin.swift */; };
		E423A9012BDD4EFC00599F28 /* RMOneLocation.swift in Sources */ = {isa = PBXBuildFile; fileRef = E423A9002BDD4EFC00599F28 /* RMOneLocation.swift */; };
		E423A9032BDD520D00599F28 /* RMCharacterStatus.swift in Sources */ = {isa = PBXBuildFile; fileRef = E423A9022BDD520D00599F28 /* RMCharacterStatus.swift */; };
		E423A9052BDD528A00599F28 /* RMCharacterGender.swift in Sources */ = {isa = PBXBuildFile; fileRef = E423A9042BDD528A00599F28 /* RMCharacterGender.swift */; };
		E42E718C2BF358CA002B8A42 /* RMCharacterDetailView.swift in Sources */ = {isa = PBXBuildFile; fileRef = E42E718B2BF358CA002B8A42 /* RMCharacterDetailView.swift */; };
		E42E718E2BF35900002B8A42 /* RMCharacterDetailViewModel.swift in Sources */ = {isa = PBXBuildFile; fileRef = E42E718D2BF35900002B8A42 /* RMCharacterDetailViewModel.swift */; };
		E42FEF732BE9337A00EC02E4 /* RMCharacterCollectionViewCell.swift in Sources */ = {isa = PBXBuildFile; fileRef = E42FEF722BE9337A00EC02E4 /* RMCharacterCollectionViewCell.swift */; };
		E42FEF752BE936DC00EC02E4 /* RMCharacterCollectionViewCellViewModel.swift in Sources */ = {isa = PBXBuildFile; fileRef = E42FEF742BE936DC00EC02E4 /* RMCharacterCollectionViewCellViewModel.swift */; };
		E437FD2B2BD9F30B00AF872D /* RMLocation.swift in Sources */ = {isa = PBXBuildFile; fileRef = E437FD2A2BD9F30B00AF872D /* RMLocation.swift */; };
		E437FD2D2BD9F37800AF872D /* RMCharacter.swift in Sources */ = {isa = PBXBuildFile; fileRef = E437FD2C2BD9F37800AF872D /* RMCharacter.swift */; };
		E437FD2F2BD9F39100AF872D /* RMEpisode.swift in Sources */ = {isa = PBXBuildFile; fileRef = E437FD2E2BD9F39100AF872D /* RMEpisode.swift */; };
		E437FD322BD9F49500AF872D /* RMCharacterViewController.swift in Sources */ = {isa = PBXBuildFile; fileRef = E437FD312BD9F49500AF872D /* RMCharacterViewController.swift */; };
		E437FD342BD9F4CB00AF872D /* RMLocationViewController.swift in Sources */ = {isa = PBXBuildFile; fileRef = E437FD332BD9F4CB00AF872D /* RMLocationViewController.swift */; };
		E437FD362BD9F4F100AF872D /* RMEpisodeViewController.swift in Sources */ = {isa = PBXBuildFile; fileRef = E437FD352BD9F4F100AF872D /* RMEpisodeViewController.swift */; };
		E437FD382BD9F52100AF872D /* RMSettingsViewController.swift in Sources */ = {isa = PBXBuildFile; fileRef = E437FD372BD9F52100AF872D /* RMSettingsViewController.swift */; };
		E457D0B02BF353F800364C3F /* RMCharacterDetailViewController.swift in Sources */ = {isa = PBXBuildFile; fileRef = E457D0AF2BF353F800364C3F /* RMCharacterDetailViewController.swift */; };
		E4592E152BDB35EA00175AE2 /* RMService.swift in Sources */ = {isa = PBXBuildFile; fileRef = E4592E142BDB35E900175AE2 /* RMService.swift */; };
		E4592E172BDB362B00175AE2 /* RMRequest.swift in Sources */ = {isa = PBXBuildFile; fileRef = E4592E162BDB362B00175AE2 /* RMRequest.swift */; };
		E472876F2BE2C6C200840B05 /* RMGetAllCharatersResponse.swift in Sources */ = {isa = PBXBuildFile; fileRef = E472876E2BE2C6C200840B05 /* RMGetAllCharatersResponse.swift */; };
		E47287712BE4045A00840B05 /* RMCharacterListViewModel.swift in Sources */ = {isa = PBXBuildFile; fileRef = E47287702BE4045A00840B05 /* RMCharacterListViewModel.swift */; };
		E49772722BF5F837000BA33D /* RMFooterLoadingCollectionReusableView.swift in Sources */ = {isa = PBXBuildFile; fileRef = E49772712BF5F837000BA33D /* RMFooterLoadingCollectionReusableView.swift */; };
		E4AB350B2BF8A5B700BFA6B0 /* ImageLoader.swift in Sources */ = {isa = PBXBuildFile; fileRef = E4AB350A2BF8A5B700BFA6B0 /* ImageLoader.swift */; };
/* End PBXBuildFile section */

/* Begin PBXFileReference section */
		E402F3A22BDBF96E0078759E /* RMEndpoint.swift */ = {isa = PBXFileReference; lastKnownFileType = sourcecode.swift; path = RMEndpoint.swift; sourceTree = "<group>"; };
		E4043EE22BE4097E00A4EE3D /* RMCharacterListView.swift */ = {isa = PBXFileReference; lastKnownFileType = sourcecode.swift; path = RMCharacterListView.swift; sourceTree = "<group>"; };
		E4043EE42BE414B800A4EE3D /* Extensions.swift */ = {isa = PBXFileReference; lastKnownFileType = sourcecode.swift; path = Extensions.swift; sourceTree = "<group>"; };
		E414B77B2BD9BF0B0067498F /* RickAndMorty.app */ = {isa = PBXFileReference; explicitFileType = wrapper.application; includeInIndex = 0; path = RickAndMorty.app; sourceTree = BUILT_PRODUCTS_DIR; };
		E414B77E2BD9BF0B0067498F /* AppDelegate.swift */ = {isa = PBXFileReference; lastKnownFileType = sourcecode.swift; path = AppDelegate.swift; sourceTree = "<group>"; };
		E414B7802BD9BF0B0067498F /* SceneDelegate.swift */ = {isa = PBXFileReference; lastKnownFileType = sourcecode.swift; path = SceneDelegate.swift; sourceTree = "<group>"; };
		E414B7822BD9BF0B0067498F /* RMTabBarController.swift */ = {isa = PBXFileReference; lastKnownFileType = sourcecode.swift; path = RMTabBarController.swift; sourceTree = "<group>"; };
		E414B7872BD9BF0C0067498F /* Assets.xcassets */ = {isa = PBXFileReference; lastKnownFileType = folder.assetcatalog; path = Assets.xcassets; sourceTree = "<group>"; };
		E414B78A2BD9BF0C0067498F /* Base */ = {isa = PBXFileReference; lastKnownFileType = file.storyboard; name = Base; path = Base.lproj/LaunchScreen.storyboard; sourceTree = "<group>"; };
		E414B78C2BD9BF0C0067498F /* Info.plist */ = {isa = PBXFileReference; lastKnownFileType = text.plist.xml; path = Info.plist; sourceTree = "<group>"; };
		E423A8FE2BDD4DE300599F28 /* RMOrigin.swift */ = {isa = PBXFileReference; lastKnownFileType = sourcecode.swift; path = RMOrigin.swift; sourceTree = "<group>"; };
		E423A9002BDD4EFC00599F28 /* RMOneLocation.swift */ = {isa = PBXFileReference; lastKnownFileType = sourcecode.swift; path = RMOneLocation.swift; sourceTree = "<group>"; };
		E423A9022BDD520D00599F28 /* RMCharacterStatus.swift */ = {isa = PBXFileReference; lastKnownFileType = sourcecode.swift; path = RMCharacterStatus.swift; sourceTree = "<group>"; };
		E423A9042BDD528A00599F28 /* RMCharacterGender.swift */ = {isa = PBXFileReference; lastKnownFileType = sourcecode.swift; path = RMCharacterGender.swift; sourceTree = "<group>"; };
		E42E718B2BF358CA002B8A42 /* RMCharacterDetailView.swift */ = {isa = PBXFileReference; lastKnownFileType = sourcecode.swift; path = RMCharacterDetailView.swift; sourceTree = "<group>"; };
		E42E718D2BF35900002B8A42 /* RMCharacterDetailViewModel.swift */ = {isa = PBXFileReference; lastKnownFileType = sourcecode.swift; path = RMCharacterDetailViewModel.swift; sourceTree = "<group>"; };
		E42FEF722BE9337A00EC02E4 /* RMCharacterCollectionViewCell.swift */ = {isa = PBXFileReference; lastKnownFileType = sourcecode.swift; path = RMCharacterCollectionViewCell.swift; sourceTree = "<group>"; };
		E42FEF742BE936DC00EC02E4 /* RMCharacterCollectionViewCellViewModel.swift */ = {isa = PBXFileReference; lastKnownFileType = sourcecode.swift; path = RMCharacterCollectionViewCellViewModel.swift; sourceTree = "<group>"; };
		E437FD2A2BD9F30B00AF872D /* RMLocation.swift */ = {isa = PBXFileReference; lastKnownFileType = sourcecode.swift; path = RMLocation.swift; sourceTree = "<group>"; };
		E437FD2C2BD9F37800AF872D /* RMCharacter.swift */ = {isa = PBXFileReference; lastKnownFileType = sourcecode.swift; path = RMCharacter.swift; sourceTree = "<group>"; };
		E437FD2E2BD9F39100AF872D /* RMEpisode.swift */ = {isa = PBXFileReference; lastKnownFileType = sourcecode.swift; path = RMEpisode.swift; sourceTree = "<group>"; };
		E437FD312BD9F49500AF872D /* RMCharacterViewController.swift */ = {isa = PBXFileReference; lastKnownFileType = sourcecode.swift; path = RMCharacterViewController.swift; sourceTree = "<group>"; };
		E437FD332BD9F4CB00AF872D /* RMLocationViewController.swift */ = {isa = PBXFileReference; lastKnownFileType = sourcecode.swift; path = RMLocationViewController.swift; sourceTree = "<group>"; };
		E437FD352BD9F4F100AF872D /* RMEpisodeViewController.swift */ = {isa = PBXFileReference; lastKnownFileType = sourcecode.swift; path = RMEpisodeViewController.swift; sourceTree = "<group>"; };
		E437FD372BD9F52100AF872D /* RMSettingsViewController.swift */ = {isa = PBXFileReference; lastKnownFileType = sourcecode.swift; path = RMSettingsViewController.swift; sourceTree = "<group>"; };
		E457D0AF2BF353F800364C3F /* RMCharacterDetailViewController.swift */ = {isa = PBXFileReference; lastKnownFileType = sourcecode.swift; path = RMCharacterDetailViewController.swift; sourceTree = "<group>"; };
		E4592E142BDB35E900175AE2 /* RMService.swift */ = {isa = PBXFileReference; lastKnownFileType = sourcecode.swift; path = RMService.swift; sourceTree = "<group>"; };
		E4592E162BDB362B00175AE2 /* RMRequest.swift */ = {isa = PBXFileReference; lastKnownFileType = sourcecode.swift; path = RMRequest.swift; sourceTree = "<group>"; };
		E472876E2BE2C6C200840B05 /* RMGetAllCharatersResponse.swift */ = {isa = PBXFileReference; lastKnownFileType = sourcecode.swift; path = RMGetAllCharatersResponse.swift; sourceTree = "<group>"; };
		E47287702BE4045A00840B05 /* RMCharacterListViewModel.swift */ = {isa = PBXFileReference; lastKnownFileType = sourcecode.swift; path = RMCharacterListViewModel.swift; sourceTree = "<group>"; };
		E49772712BF5F837000BA33D /* RMFooterLoadingCollectionReusableView.swift */ = {isa = PBXFileReference; lastKnownFileType = sourcecode.swift; path = RMFooterLoadingCollectionReusableView.swift; sourceTree = "<group>"; };
		E4AB350A2BF8A5B700BFA6B0 /* ImageLoader.swift */ = {isa = PBXFileReference; lastKnownFileType = sourcecode.swift; path = ImageLoader.swift; sourceTree = "<group>"; };
/* End PBXFileReference section */

/* Begin PBXFrameworksBuildPhase section */
		E414B7782BD9BF0A0067498F /* Frameworks */ = {
			isa = PBXFrameworksBuildPhase;
			buildActionMask = 2147483647;
			files = (
			);
			runOnlyForDeploymentPostprocessing = 0;
		};
/* End PBXFrameworksBuildPhase section */

/* Begin PBXGroup section */
		E414B7722BD9BF0A0067498F = {
			isa = PBXGroup;
			children = (
				E414B77D2BD9BF0B0067498F /* RickAndMorty */,
				E414B77C2BD9BF0B0067498F /* Products */,
			);
			sourceTree = "<group>";
		};
		E414B77C2BD9BF0B0067498F /* Products */ = {
			isa = PBXGroup;
			children = (
				E414B77B2BD9BF0B0067498F /* RickAndMorty.app */,
			);
			name = Products;
			sourceTree = "<group>";
		};
		E414B77D2BD9BF0B0067498F /* RickAndMorty */ = {
			isa = PBXGroup;
			children = (
				E437FD232BD9F15500AF872D /* Veiws */,
				E437FD242BD9F16600AF872D /* ViewModels */,
				E437FD252BD9F17A00AF872D /* Models */,
				E437FD272BD9F1A300AF872D /* Managers */,
				E437FD282BD9F1CC00AF872D /* APIClient */,
				E437FD262BD9F18000AF872D /* Controllers */,
				E437FD292BD9F1FA00AF872D /* Resources */,
				E414B78C2BD9BF0C0067498F /* Info.plist */,
			);
			path = RickAndMorty;
			sourceTree = "<group>";
		};
		E437FD232BD9F15500AF872D /* Veiws */ = {
			isa = PBXGroup;
			children = (
				E4043EE22BE4097E00A4EE3D /* RMCharacterListView.swift */,
				E42FEF722BE9337A00EC02E4 /* RMCharacterCollectionViewCell.swift */,
				E42E718B2BF358CA002B8A42 /* RMCharacterDetailView.swift */,
				E49772712BF5F837000BA33D /* RMFooterLoadingCollectionReusableView.swift */,
			);
			path = Veiws;
			sourceTree = "<group>";
		};
		E437FD242BD9F16600AF872D /* ViewModels */ = {
			isa = PBXGroup;
			children = (
				E47287702BE4045A00840B05 /* RMCharacterListViewModel.swift */,
				E42FEF742BE936DC00EC02E4 /* RMCharacterCollectionViewCellViewModel.swift */,
				E42E718D2BF35900002B8A42 /* RMCharacterDetailViewModel.swift */,
			);
			path = ViewModels;
			sourceTree = "<group>";
		};
		E437FD252BD9F17A00AF872D /* Models */ = {
			isa = PBXGroup;
			children = (
				E472876D2BE2C68E00840B05 /* APIResponseTypes */,
				E472876C2BE2C63400840B05 /* DataTypes */,
			);
			path = Models;
			sourceTree = "<group>";
		};
		E437FD262BD9F18000AF872D /* Controllers */ = {
			isa = PBXGroup;
			children = (
				E49372372BF351320000F64F /* Other */,
				E437FD302BD9F43D00AF872D /* Core */,
			);
			path = Controllers;
			sourceTree = "<group>";
		};
		E437FD272BD9F1A300AF872D /* Managers */ = {
			isa = PBXGroup;
			children = (
				E4AB350A2BF8A5B700BFA6B0 /* ImageLoader.swift */,
			);
			path = Managers;
			sourceTree = "<group>";
		};
		E437FD282BD9F1CC00AF872D /* APIClient */ = {
			isa = PBXGroup;
			children = (
				E4592E142BDB35E900175AE2 /* RMService.swift */,
				E4592E162BDB362B00175AE2 /* RMRequest.swift */,
				E402F3A22BDBF96E0078759E /* RMEndpoint.swift */,
			);
			path = APIClient;
			sourceTree = "<group>";
		};
		E437FD292BD9F1FA00AF872D /* Resources */ = {
			isa = PBXGroup;
			children = (
				E414B77E2BD9BF0B0067498F /* AppDelegate.swift */,
				E414B7802BD9BF0B0067498F /* SceneDelegate.swift */,
				E414B7872BD9BF0C0067498F /* Assets.xcassets */,
				E414B7892BD9BF0C0067498F /* LaunchScreen.storyboard */,
				E4043EE42BE414B800A4EE3D /* Extensions.swift */,
			);
			path = Resources;
			sourceTree = "<group>";
		};
		E437FD302BD9F43D00AF872D /* Core */ = {
			isa = PBXGroup;
			children = (
				E414B7822BD9BF0B0067498F /* RMTabBarController.swift */,
				E437FD312BD9F49500AF872D /* RMCharacterViewController.swift */,
				E437FD332BD9F4CB00AF872D /* RMLocationViewController.swift */,
				E437FD352BD9F4F100AF872D /* RMEpisodeViewController.swift */,
				E437FD372BD9F52100AF872D /* RMSettingsViewController.swift */,
			);
			path = Core;
			sourceTree = "<group>";
		};
		E472876C2BE2C63400840B05 /* DataTypes */ = {
			isa = PBXGroup;
			children = (
				E437FD2A2BD9F30B00AF872D /* RMLocation.swift */,
				E437FD2C2BD9F37800AF872D /* RMCharacter.swift */,
				E437FD2E2BD9F39100AF872D /* RMEpisode.swift */,
				E423A8FE2BDD4DE300599F28 /* RMOrigin.swift */,
				E423A9002BDD4EFC00599F28 /* RMOneLocation.swift */,
				E423A9022BDD520D00599F28 /* RMCharacterStatus.swift */,
				E423A9042BDD528A00599F28 /* RMCharacterGender.swift */,
			);
			path = DataTypes;
			sourceTree = "<group>";
		};
		E472876D2BE2C68E00840B05 /* APIResponseTypes */ = {
			isa = PBXGroup;
			children = (
				E472876E2BE2C6C200840B05 /* RMGetAllCharatersResponse.swift */,
			);
			path = APIResponseTypes;
			sourceTree = "<group>";
		};
		E49372372BF351320000F64F /* Other */ = {
			isa = PBXGroup;
			children = (
				E457D0AF2BF353F800364C3F /* RMCharacterDetailViewController.swift */,
			);
			path = Other;
			sourceTree = "<group>";
		};
/* End PBXGroup section */

/* Begin PBXNativeTarget section */
		E414B77A2BD9BF0A0067498F /* RickAndMorty */ = {
			isa = PBXNativeTarget;
			buildConfigurationList = E414B78F2BD9BF0C0067498F /* Build configuration list for PBXNativeTarget "RickAndMorty" */;
			buildPhases = (
				E414B7772BD9BF0A0067498F /* Sources */,
				E414B7782BD9BF0A0067498F /* Frameworks */,
				E414B7792BD9BF0A0067498F /* Resources */,
			);
			buildRules = (
			);
			dependencies = (
			);
			name = RickAndMorty;
			productName = RickAndMorty;
			productReference = E414B77B2BD9BF0B0067498F /* RickAndMorty.app */;
			productType = "com.apple.product-type.application";
		};
/* End PBXNativeTarget section */

/* Begin PBXProject section */
		E414B7732BD9BF0A0067498F /* Project object */ = {
			isa = PBXProject;
			attributes = {
				BuildIndependentTargetsInParallel = 1;
				LastSwiftUpdateCheck = 1530;
				LastUpgradeCheck = 1530;
				TargetAttributes = {
					E414B77A2BD9BF0A0067498F = {
						CreatedOnToolsVersion = 15.3;
					};
				};
			};
			buildConfigurationList = E414B7762BD9BF0A0067498F /* Build configuration list for PBXProject "RickAndMorty" */;
			compatibilityVersion = "Xcode 14.0";
			developmentRegion = en;
			hasScannedForEncodings = 0;
			knownRegions = (
				en,
				Base,
			);
			mainGroup = E414B7722BD9BF0A0067498F;
			productRefGroup = E414B77C2BD9BF0B0067498F /* Products */;
			projectDirPath = "";
			projectRoot = "";
			targets = (
				E414B77A2BD9BF0A0067498F /* RickAndMorty */,
			);
		};
/* End PBXProject section */

/* Begin PBXResourcesBuildPhase section */
		E414B7792BD9BF0A0067498F /* Resources */ = {
			isa = PBXResourcesBuildPhase;
			buildActionMask = 2147483647;
			files = (
				E414B7882BD9BF0C0067498F /* Assets.xcassets in Resources */,
				E414B78B2BD9BF0C0067498F /* Base in Resources */,
			);
			runOnlyForDeploymentPostprocessing = 0;
		};
/* End PBXResourcesBuildPhase section */

/* Begin PBXSourcesBuildPhase section */
		E414B7772BD9BF0A0067498F /* Sources */ = {
			isa = PBXSourcesBuildPhase;
			buildActionMask = 2147483647;
			files = (
				E423A8FF2BDD4DE300599F28 /* RMOrigin.swift in Sources */,
				E437FD342BD9F4CB00AF872D /* RMLocationViewController.swift in Sources */,
				E4043EE32BE4097E00A4EE3D /* RMCharacterListView.swift in Sources */,
				E423A9032BDD520D00599F28 /* RMCharacterStatus.swift in Sources */,
				E423A9052BDD528A00599F28 /* RMCharacterGender.swift in Sources */,
				E437FD2F2BD9F39100AF872D /* RMEpisode.swift in Sources */,
				E42E718E2BF35900002B8A42 /* RMCharacterDetailViewModel.swift in Sources */,
				E457D0B02BF353F800364C3F /* RMCharacterDetailViewController.swift in Sources */,
				E49772722BF5F837000BA33D /* RMFooterLoadingCollectionReusableView.swift in Sources */,
				E414B7832BD9BF0B0067498F /* RMTabBarController.swift in Sources */,
				E472876F2BE2C6C200840B05 /* RMGetAllCharatersResponse.swift in Sources */,
				E437FD362BD9F4F100AF872D /* RMEpisodeViewController.swift in Sources */,
				E42FEF732BE9337A00EC02E4 /* RMCharacterCollectionViewCell.swift in Sources */,
				E414B77F2BD9BF0B0067498F /* AppDelegate.swift in Sources */,
				E4AB350B2BF8A5B700BFA6B0 /* ImageLoader.swift in Sources */,
				E437FD2B2BD9F30B00AF872D /* RMLocation.swift in Sources */,
				E437FD382BD9F52100AF872D /* RMSettingsViewController.swift in Sources */,
				E4592E152BDB35EA00175AE2 /* RMService.swift in Sources */,
				E4043EE52BE414B800A4EE3D /* Extensions.swift in Sources */,
				E414B7812BD9BF0B0067498F /* SceneDelegate.swift in Sources */,
				E402F3A32BDBF96E0078759E /* RMEndpoint.swift in Sources */,
				E437FD2D2BD9F37800AF872D /* RMCharacter.swift in Sources */,
				E423A9012BDD4EFC00599F28 /* RMOneLocation.swift in Sources */,
				E42FEF752BE936DC00EC02E4 /* RMCharacterCollectionViewCellViewModel.swift in Sources */,
				E4592E172BDB362B00175AE2 /* RMRequest.swift in Sources */,
				E437FD322BD9F49500AF872D /* RMCharacterViewController.swift in Sources */,
				E47287712BE4045A00840B05 /* RMCharacterListViewModel.swift in Sources */,
				E42E718C2BF358CA002B8A42 /* RMCharacterDetailView.swift in Sources */,
			);
			runOnlyForDeploymentPostprocessing = 0;
		};
/* End PBXSourcesBuildPhase section */

/* Begin PBXVariantGroup section */
		E414B7892BD9BF0C0067498F /* LaunchScreen.storyboard */ = {
			isa = PBXVariantGroup;
			children = (
				E414B78A2BD9BF0C0067498F /* Base */,
			);
			name = LaunchScreen.storyboard;
			sourceTree = "<group>";
		};
/* End PBXVariantGroup section */

/* Begin XCBuildConfiguration section */
		E414B78D2BD9BF0C0067498F /* Debug */ = {
			isa = XCBuildConfiguration;
			buildSettings = {
				ALWAYS_SEARCH_USER_PATHS = NO;
				ASSETCATALOG_COMPILER_GENERATE_SWIFT_ASSET_SYMBOL_EXTENSIONS = YES;
				CLANG_ANALYZER_NONNULL = YES;
				CLANG_ANALYZER_NUMBER_OBJECT_CONVERSION = YES_AGGRESSIVE;
				CLANG_CXX_LANGUAGE_STANDARD = "gnu++20";
				CLANG_ENABLE_MODULES = YES;
				CLANG_ENABLE_OBJC_ARC = YES;
				CLANG_ENABLE_OBJC_WEAK = YES;
				CLANG_WARN_BLOCK_CAPTURE_AUTORELEASING = YES;
				CLANG_WARN_BOOL_CONVERSION = YES;
				CLANG_WARN_COMMA = YES;
				CLANG_WARN_CONSTANT_CONVERSION = YES;
				CLANG_WARN_DEPRECATED_OBJC_IMPLEMENTATIONS = YES;
				CLANG_WARN_DIRECT_OBJC_ISA_USAGE = YES_ERROR;
				CLANG_WARN_DOCUMENTATION_COMMENTS = YES;
				CLANG_WARN_EMPTY_BODY = YES;
				CLANG_WARN_ENUM_CONVERSION = YES;
				CLANG_WARN_INFINITE_RECURSION = YES;
				CLANG_WARN_INT_CONVERSION = YES;
				CLANG_WARN_NON_LITERAL_NULL_CONVERSION = YES;
				CLANG_WARN_OBJC_IMPLICIT_RETAIN_SELF = YES;
				CLANG_WARN_OBJC_LITERAL_CONVERSION = YES;
				CLANG_WARN_OBJC_ROOT_CLASS = YES_ERROR;
				CLANG_WARN_QUOTED_INCLUDE_IN_FRAMEWORK_HEADER = YES;
				CLANG_WARN_RANGE_LOOP_ANALYSIS = YES;
				CLANG_WARN_STRICT_PROTOTYPES = YES;
				CLANG_WARN_SUSPICIOUS_MOVE = YES;
				CLANG_WARN_UNGUARDED_AVAILABILITY = YES_AGGRESSIVE;
				CLANG_WARN_UNREACHABLE_CODE = YES;
				CLANG_WARN__DUPLICATE_METHOD_MATCH = YES;
				COPY_PHASE_STRIP = NO;
				DEBUG_INFORMATION_FORMAT = dwarf;
				ENABLE_STRICT_OBJC_MSGSEND = YES;
				ENABLE_TESTABILITY = YES;
				ENABLE_USER_SCRIPT_SANDBOXING = YES;
				GCC_C_LANGUAGE_STANDARD = gnu17;
				GCC_DYNAMIC_NO_PIC = NO;
				GCC_NO_COMMON_BLOCKS = YES;
				GCC_OPTIMIZATION_LEVEL = 0;
				GCC_PREPROCESSOR_DEFINITIONS = (
					"DEBUG=1",
					"$(inherited)",
				);
				GCC_WARN_64_TO_32_BIT_CONVERSION = YES;
				GCC_WARN_ABOUT_RETURN_TYPE = YES_ERROR;
				GCC_WARN_UNDECLARED_SELECTOR = YES;
				GCC_WARN_UNINITIALIZED_AUTOS = YES_AGGRESSIVE;
				GCC_WARN_UNUSED_FUNCTION = YES;
				GCC_WARN_UNUSED_VARIABLE = YES;
				IPHONEOS_DEPLOYMENT_TARGET = 15.0;
				LOCALIZATION_PREFERS_STRING_CATALOGS = YES;
				MTL_ENABLE_DEBUG_INFO = INCLUDE_SOURCE;
				MTL_FAST_MATH = YES;
				ONLY_ACTIVE_ARCH = YES;
				SDKROOT = iphoneos;
				SWIFT_ACTIVE_COMPILATION_CONDITIONS = "DEBUG $(inherited)";
				SWIFT_OPTIMIZATION_LEVEL = "-Onone";
			};
			name = Debug;
		};
		E414B78E2BD9BF0C0067498F /* Release */ = {
			isa = XCBuildConfiguration;
			buildSettings = {
				ALWAYS_SEARCH_USER_PATHS = NO;
				ASSETCATALOG_COMPILER_GENERATE_SWIFT_ASSET_SYMBOL_EXTENSIONS = YES;
				CLANG_ANALYZER_NONNULL = YES;
				CLANG_ANALYZER_NUMBER_OBJECT_CONVERSION = YES_AGGRESSIVE;
				CLANG_CXX_LANGUAGE_STANDARD = "gnu++20";
				CLANG_ENABLE_MODULES = YES;
				CLANG_ENABLE_OBJC_ARC = YES;
				CLANG_ENABLE_OBJC_WEAK = YES;
				CLANG_WARN_BLOCK_CAPTURE_AUTORELEASING = YES;
				CLANG_WARN_BOOL_CONVERSION = YES;
				CLANG_WARN_COMMA = YES;
				CLANG_WARN_CONSTANT_CONVERSION = YES;
				CLANG_WARN_DEPRECATED_OBJC_IMPLEMENTATIONS = YES;
				CLANG_WARN_DIRECT_OBJC_ISA_USAGE = YES_ERROR;
				CLANG_WARN_DOCUMENTATION_COMMENTS = YES;
				CLANG_WARN_EMPTY_BODY = YES;
				CLANG_WARN_ENUM_CONVERSION = YES;
				CLANG_WARN_INFINITE_RECURSION = YES;
				CLANG_WARN_INT_CONVERSION = YES;
				CLANG_WARN_NON_LITERAL_NULL_CONVERSION = YES;
				CLANG_WARN_OBJC_IMPLICIT_RETAIN_SELF = YES;
				CLANG_WARN_OBJC_LITERAL_CONVERSION = YES;
				CLANG_WARN_OBJC_ROOT_CLASS = YES_ERROR;
				CLANG_WARN_QUOTED_INCLUDE_IN_FRAMEWORK_HEADER = YES;
				CLANG_WARN_RANGE_LOOP_ANALYSIS = YES;
				CLANG_WARN_STRICT_PROTOTYPES = YES;
				CLANG_WARN_SUSPICIOUS_MOVE = YES;
				CLANG_WARN_UNGUARDED_AVAILABILITY = YES_AGGRESSIVE;
				CLANG_WARN_UNREACHABLE_CODE = YES;
				CLANG_WARN__DUPLICATE_METHOD_MATCH = YES;
				COPY_PHASE_STRIP = NO;
				DEBUG_INFORMATION_FORMAT = "dwarf-with-dsym";
				ENABLE_NS_ASSERTIONS = NO;
				ENABLE_STRICT_OBJC_MSGSEND = YES;
				ENABLE_USER_SCRIPT_SANDBOXING = YES;
				GCC_C_LANGUAGE_STANDARD = gnu17;
				GCC_NO_COMMON_BLOCKS = YES;
				GCC_WARN_64_TO_32_BIT_CONVERSION = YES;
				GCC_WARN_ABOUT_RETURN_TYPE = YES_ERROR;
				GCC_WARN_UNDECLARED_SELECTOR = YES;
				GCC_WARN_UNINITIALIZED_AUTOS = YES_AGGRESSIVE;
				GCC_WARN_UNUSED_FUNCTION = YES;
				GCC_WARN_UNUSED_VARIABLE = YES;
				IPHONEOS_DEPLOYMENT_TARGET = 15.0;
				LOCALIZATION_PREFERS_STRING_CATALOGS = YES;
				MTL_ENABLE_DEBUG_INFO = NO;
				MTL_FAST_MATH = YES;
				SDKROOT = iphoneos;
				SWIFT_COMPILATION_MODE = wholemodule;
				VALIDATE_PRODUCT = YES;
			};
			name = Release;
		};
		E414B7902BD9BF0C0067498F /* Debug */ = {
			isa = XCBuildConfiguration;
			buildSettings = {
				ASSETCATALOG_COMPILER_APPICON_NAME = AppIcon;
				ASSETCATALOG_COMPILER_GLOBAL_ACCENT_COLOR_NAME = AccentColor;
				CODE_SIGN_STYLE = Automatic;
				CURRENT_PROJECT_VERSION = 1;
				DEVELOPMENT_TEAM = 748RM22H5Z;
				GENERATE_INFOPLIST_FILE = YES;
				INFOPLIST_FILE = RickAndMorty/Info.plist;
				INFOPLIST_KEY_UIApplicationSupportsIndirectInputEvents = YES;
				INFOPLIST_KEY_UILaunchStoryboardName = LaunchScreen;
				INFOPLIST_KEY_UISupportedInterfaceOrientations_iPad = "UIInterfaceOrientationPortrait UIInterfaceOrientationPortraitUpsideDown UIInterfaceOrientationLandscapeLeft UIInterfaceOrientationLandscapeRight";
				INFOPLIST_KEY_UISupportedInterfaceOrientations_iPhone = "UIInterfaceOrientationPortrait UIInterfaceOrientationLandscapeLeft UIInterfaceOrientationLandscapeRight";
				IPHONEOS_DEPLOYMENT_TARGET = 15.0;
				LD_RUNPATH_SEARCH_PATHS = (
					"$(inherited)",
					"@executable_path/Frameworks",
				);
				MARKETING_VERSION = 1.0;
				PRODUCT_BUNDLE_IDENTIFIER = EliId.RickAndMorty;
				PRODUCT_NAME = "$(TARGET_NAME)";
				SWIFT_EMIT_LOC_STRINGS = YES;
				SWIFT_VERSION = 5.0;
				TARGETED_DEVICE_FAMILY = "1,2";
			};
			name = Debug;
		};
		E414B7912BD9BF0C0067498F /* Release */ = {
			isa = XCBuildConfiguration;
			buildSettings = {
				ASSETCATALOG_COMPILER_APPICON_NAME = AppIcon;
				ASSETCATALOG_COMPILER_GLOBAL_ACCENT_COLOR_NAME = AccentColor;
				CODE_SIGN_STYLE = Automatic;
				CURRENT_PROJECT_VERSION = 1;
				DEVELOPMENT_TEAM = 748RM22H5Z;
				GENERATE_INFOPLIST_FILE = YES;
				INFOPLIST_FILE = RickAndMorty/Info.plist;
				INFOPLIST_KEY_UIApplicationSupportsIndirectInputEvents = YES;
				INFOPLIST_KEY_UILaunchStoryboardName = LaunchScreen;
				INFOPLIST_KEY_UISupportedInterfaceOrientations_iPad = "UIInterfaceOrientationPortrait UIInterfaceOrientationPortraitUpsideDown UIInterfaceOrientationLandscapeLeft UIInterfaceOrientationLandscapeRight";
				INFOPLIST_KEY_UISupportedInterfaceOrientations_iPhone = "UIInterfaceOrientationPortrait UIInterfaceOrientationLandscapeLeft UIInterfaceOrientationLandscapeRight";
				IPHONEOS_DEPLOYMENT_TARGET = 15.0;
				LD_RUNPATH_SEARCH_PATHS = (
					"$(inherited)",
					"@executable_path/Frameworks",
				);
				MARKETING_VERSION = 1.0;
				PRODUCT_BUNDLE_IDENTIFIER = EliId.RickAndMorty;
				PRODUCT_NAME = "$(TARGET_NAME)";
				SWIFT_EMIT_LOC_STRINGS = YES;
				SWIFT_VERSION = 5.0;
				TARGETED_DEVICE_FAMILY = "1,2";
			};
			name = Release;
		};
/* End XCBuildConfiguration section */

/* Begin XCConfigurationList section */
		E414B7762BD9BF0A0067498F /* Build configuration list for PBXProject "RickAndMorty" */ = {
			isa = XCConfigurationList;
			buildConfigurations = (
				E414B78D2BD9BF0C0067498F /* Debug */,
				E414B78E2BD9BF0C0067498F /* Release */,
			);
			defaultConfigurationIsVisible = 0;
			defaultConfigurationName = Release;
		};
		E414B78F2BD9BF0C0067498F /* Build configuration list for PBXNativeTarget "RickAndMorty" */ = {
			isa = XCConfigurationList;
			buildConfigurations = (
				E414B7902BD9BF0C0067498F /* Debug */,
				E414B7912BD9BF0C0067498F /* Release */,
			);
			defaultConfigurationIsVisible = 0;
			defaultConfigurationName = Release;
		};
/* End XCConfigurationList section */
	};
	rootObject = E414B7732BD9BF0A0067498F /* Project object */;
}
